// !$*UTF8*$!
{
	archiveVersion = 1;
	classes = {
	};
	objectVersion = 55;
	objects = {

/* Begin PBXBuildFile section */
		7380B18E279DFD2500D91004 /* sensorsApp.swift in Sources */ = {isa = PBXBuildFile; fileRef = 7380B18D279DFD2500D91004 /* sensorsApp.swift */; };
		7380B190279DFD2500D91004 /* ContentView.swift in Sources */ = {isa = PBXBuildFile; fileRef = 7380B18F279DFD2500D91004 /* ContentView.swift */; };
		7380B192279DFD2600D91004 /* Assets.xcassets in Resources */ = {isa = PBXBuildFile; fileRef = 7380B191279DFD2600D91004 /* Assets.xcassets */; };
		7380B195279DFD2600D91004 /* Preview Assets.xcassets in Resources */ = {isa = PBXBuildFile; fileRef = 7380B194279DFD2600D91004 /* Preview Assets.xcassets */; };
		7380B1A0279E1FB900D91004 /* SwiftyJSON in Frameworks */ = {isa = PBXBuildFile; productRef = 7380B19F279E1FB900D91004 /* SwiftyJSON */; };
		73DB61F02ACEFC0E00D1D8AF /* SwiftyNats in Frameworks */ = {isa = PBXBuildFile; productRef = 73DB61EF2ACEFC0E00D1D8AF /* SwiftyNats */; };
		73F06A9D27A783F500639124 /* AlertKit in Frameworks */ = {isa = PBXBuildFile; productRef = 73F06A9C27A783F500639124 /* AlertKit */; };
/* End PBXBuildFile section */

/* Begin PBXFileReference section */
		7380B18A279DFD2500D91004 /* sensors.app */ = {isa = PBXFileReference; explicitFileType = wrapper.application; includeInIndex = 0; path = sensors.app; sourceTree = BUILT_PRODUCTS_DIR; };
		7380B18D279DFD2500D91004 /* sensorsApp.swift */ = {isa = PBXFileReference; lastKnownFileType = sourcecode.swift; path = sensorsApp.swift; sourceTree = "<group>"; };
		7380B18F279DFD2500D91004 /* ContentView.swift */ = {isa = PBXFileReference; lastKnownFileType = sourcecode.swift; path = ContentView.swift; sourceTree = "<group>"; };
		7380B191279DFD2600D91004 /* Assets.xcassets */ = {isa = PBXFileReference; lastKnownFileType = folder.assetcatalog; path = Assets.xcassets; sourceTree = "<group>"; };
		7380B194279DFD2600D91004 /* Preview Assets.xcassets */ = {isa = PBXFileReference; lastKnownFileType = folder.assetcatalog; path = "Preview Assets.xcassets"; sourceTree = "<group>"; };
/* End PBXFileReference section */

/* Begin PBXFrameworksBuildPhase section */
		7380B187279DFD2500D91004 /* Frameworks */ = {
			isa = PBXFrameworksBuildPhase;
			buildActionMask = 2147483647;
			files = (
				7380B1A0279E1FB900D91004 /* SwiftyJSON in Frameworks */,
				73F06A9D27A783F500639124 /* AlertKit in Frameworks */,
				73DB61F02ACEFC0E00D1D8AF /* SwiftyNats in Frameworks */,
			);
			runOnlyForDeploymentPostprocessing = 0;
		};
/* End PBXFrameworksBuildPhase section */

/* Begin PBXGroup section */
		7380B181279DFD2500D91004 = {
			isa = PBXGroup;
			children = (
				7380B18C279DFD2500D91004 /* sensors */,
				7380B18B279DFD2500D91004 /* Products */,
			);
			sourceTree = "<group>";
		};
		7380B18B279DFD2500D91004 /* Products */ = {
			isa = PBXGroup;
			children = (
				7380B18A279DFD2500D91004 /* sensors.app */,
			);
			name = Products;
			sourceTree = "<group>";
		};
		7380B18C279DFD2500D91004 /* sensors */ = {
			isa = PBXGroup;
			children = (
				7380B18D279DFD2500D91004 /* sensorsApp.swift */,
				7380B18F279DFD2500D91004 /* ContentView.swift */,
				7380B191279DFD2600D91004 /* Assets.xcassets */,
				7380B193279DFD2600D91004 /* Preview Content */,
			);
			path = sensors;
			sourceTree = "<group>";
		};
		7380B193279DFD2600D91004 /* Preview Content */ = {
			isa = PBXGroup;
			children = (
				7380B194279DFD2600D91004 /* Preview Assets.xcassets */,
			);
			path = "Preview Content";
			sourceTree = "<group>";
		};
/* End PBXGroup section */

/* Begin PBXNativeTarget section */
		7380B189279DFD2500D91004 /* sensors */ = {
			isa = PBXNativeTarget;
			buildConfigurationList = 7380B198279DFD2600D91004 /* Build configuration list for PBXNativeTarget "sensors" */;
			buildPhases = (
				7380B186279DFD2500D91004 /* Sources */,
				7380B187279DFD2500D91004 /* Frameworks */,
				7380B188279DFD2500D91004 /* Resources */,
			);
			buildRules = (
			);
			dependencies = (
			);
			name = sensors;
			packageProductDependencies = (
				7380B19F279E1FB900D91004 /* SwiftyJSON */,
				73F06A9C27A783F500639124 /* AlertKit */,
				73DB61EF2ACEFC0E00D1D8AF /* SwiftyNats */,
			);
			productName = sensors;
			productReference = 7380B18A279DFD2500D91004 /* sensors.app */;
			productType = "com.apple.product-type.application";
		};
/* End PBXNativeTarget section */

/* Begin PBXProject section */
		7380B182279DFD2500D91004 /* Project object */ = {
			isa = PBXProject;
			attributes = {
				BuildIndependentTargetsInParallel = 1;
				LastSwiftUpdateCheck = 1320;
				LastUpgradeCheck = 1540;
				TargetAttributes = {
					7380B189279DFD2500D91004 = {
						CreatedOnToolsVersion = 13.2.1;
					};
				};
			};
			buildConfigurationList = 7380B185279DFD2500D91004 /* Build configuration list for PBXProject "sensors" */;
			compatibilityVersion = "Xcode 13.0";
			developmentRegion = en;
			hasScannedForEncodings = 0;
			knownRegions = (
				en,
				Base,
			);
			mainGroup = 7380B181279DFD2500D91004;
			packageReferences = (
				7380B19E279E1FB900D91004 /* XCRemoteSwiftPackageReference "SwiftyJSON" */,
				73F06A9B27A783F500639124 /* XCRemoteSwiftPackageReference "AlertKit" */,
				73DB61EE2ACEFC0E00D1D8AF /* XCRemoteSwiftPackageReference "SwiftyNats" */,
			);
			productRefGroup = 7380B18B279DFD2500D91004 /* Products */;
			projectDirPath = "";
			projectRoot = "";
			targets = (
				7380B189279DFD2500D91004 /* sensors */,
			);
		};
/* End PBXProject section */

/* Begin PBXResourcesBuildPhase section */
		7380B188279DFD2500D91004 /* Resources */ = {
			isa = PBXResourcesBuildPhase;
			buildActionMask = 2147483647;
			files = (
				7380B195279DFD2600D91004 /* Preview Assets.xcassets in Resources */,
				7380B192279DFD2600D91004 /* Assets.xcassets in Resources */,
			);
			runOnlyForDeploymentPostprocessing = 0;
		};
/* End PBXResourcesBuildPhase section */

/* Begin PBXSourcesBuildPhase section */
		7380B186279DFD2500D91004 /* Sources */ = {
			isa = PBXSourcesBuildPhase;
			buildActionMask = 2147483647;
			files = (
				7380B190279DFD2500D91004 /* ContentView.swift in Sources */,
				7380B18E279DFD2500D91004 /* sensorsApp.swift in Sources */,
			);
			runOnlyForDeploymentPostprocessing = 0;
		};
/* End PBXSourcesBuildPhase section */

/* Begin XCBuildConfiguration section */
		7380B196279DFD2600D91004 /* Debug */ = {
			isa = XCBuildConfiguration;
			buildSettings = {
				ALWAYS_SEARCH_USER_PATHS = NO;
				CLANG_ANALYZER_NONNULL = YES;
				CLANG_ANALYZER_NUMBER_OBJECT_CONVERSION = YES_AGGRESSIVE;
				CLANG_CXX_LANGUAGE_STANDARD = "gnu++17";
				CLANG_CXX_LIBRARY = "libc++";
				CLANG_ENABLE_MODULES = YES;
				CLANG_ENABLE_OBJC_ARC = YES;
				CLANG_ENABLE_OBJC_WEAK = YES;
				CLANG_WARN_BLOCK_CAPTURE_AUTORELEASING = YES;
				CLANG_WARN_BOOL_CONVERSION = YES;
				CLANG_WARN_COMMA = YES;
				CLANG_WARN_CONSTANT_CONVERSION = YES;
				CLANG_WARN_DEPRECATED_OBJC_IMPLEMENTATIONS = YES;
				CLANG_WARN_DIRECT_OBJC_ISA_USAGE = YES_ERROR;
				CLANG_WARN_DOCUMENTATION_COMMENTS = YES;
				CLANG_WARN_EMPTY_BODY = YES;
				CLANG_WARN_ENUM_CONVERSION = YES;
				CLANG_WARN_INFINITE_RECURSION = YES;
				CLANG_WARN_INT_CONVERSION = YES;
				CLANG_WARN_NON_LITERAL_NULL_CONVERSION = YES;
				CLANG_WARN_OBJC_IMPLICIT_RETAIN_SELF = YES;
				CLANG_WARN_OBJC_LITERAL_CONVERSION = YES;
				CLANG_WARN_OBJC_ROOT_CLASS = YES_ERROR;
				CLANG_WARN_QUOTED_INCLUDE_IN_FRAMEWORK_HEADER = YES;
				CLANG_WARN_RANGE_LOOP_ANALYSIS = YES;
				CLANG_WARN_STRICT_PROTOTYPES = YES;
				CLANG_WARN_SUSPICIOUS_MOVE = YES;
				CLANG_WARN_UNGUARDED_AVAILABILITY = YES_AGGRESSIVE;
				CLANG_WARN_UNREACHABLE_CODE = YES;
				CLANG_WARN__DUPLICATE_METHOD_MATCH = YES;
				COPY_PHASE_STRIP = NO;
				DEBUG_INFORMATION_FORMAT = dwarf;
				ENABLE_STRICT_OBJC_MSGSEND = YES;
				ENABLE_TESTABILITY = YES;
				ENABLE_USER_SCRIPT_SANDBOXING = YES;
				GCC_C_LANGUAGE_STANDARD = gnu11;
				GCC_DYNAMIC_NO_PIC = NO;
				GCC_NO_COMMON_BLOCKS = YES;
				GCC_OPTIMIZATION_LEVEL = 0;
				GCC_PREPROCESSOR_DEFINITIONS = (
					"DEBUG=1",
					"$(inherited)",
				);
				GCC_WARN_64_TO_32_BIT_CONVERSION = YES;
				GCC_WARN_ABOUT_RETURN_TYPE = YES_ERROR;
				GCC_WARN_UNDECLARED_SELECTOR = YES;
				GCC_WARN_UNINITIALIZED_AUTOS = YES_AGGRESSIVE;
				GCC_WARN_UNUSED_FUNCTION = YES;
				GCC_WARN_UNUSED_VARIABLE = YES;
				IPHONEOS_DEPLOYMENT_TARGET = 15.2;
				MTL_ENABLE_DEBUG_INFO = INCLUDE_SOURCE;
				MTL_FAST_MATH = YES;
				ONLY_ACTIVE_ARCH = YES;
				SDKROOT = iphoneos;
				SWIFT_ACTIVE_COMPILATION_CONDITIONS = DEBUG;
				SWIFT_OPTIMIZATION_LEVEL = "-Onone";
			};
			name = Debug;
		};
		7380B197279DFD2600D91004 /* Release */ = {
			isa = XCBuildConfiguration;
			buildSettings = {
				ALWAYS_SEARCH_USER_PATHS = NO;
				CLANG_ANALYZER_NONNULL = YES;
				CLANG_ANALYZER_NUMBER_OBJECT_CONVERSION = YES_AGGRESSIVE;
				CLANG_CXX_LANGUAGE_STANDARD = "gnu++17";
				CLANG_CXX_LIBRARY = "libc++";
				CLANG_ENABLE_MODULES = YES;
				CLANG_ENABLE_OBJC_ARC = YES;
				CLANG_ENABLE_OBJC_WEAK = YES;
				CLANG_WARN_BLOCK_CAPTURE_AUTORELEASING = YES;
				CLANG_WARN_BOOL_CONVERSION = YES;
				CLANG_WARN_COMMA = YES;
				CLANG_WARN_CONSTANT_CONVERSION = YES;
				CLANG_WARN_DEPRECATED_OBJC_IMPLEMENTATIONS = YES;
				CLANG_WARN_DIRECT_OBJC_ISA_USAGE = YES_ERROR;
				CLANG_WARN_DOCUMENTATION_COMMENTS = YES;
				CLANG_WARN_EMPTY_BODY = YES;
				CLANG_WARN_ENUM_CONVERSION = YES;
				CLANG_WARN_INFINITE_RECURSION = YES;
				CLANG_WARN_INT_CONVERSION = YES;
				CLANG_WARN_NON_LITERAL_NULL_CONVERSION = YES;
				CLANG_WARN_OBJC_IMPLICIT_RETAIN_SELF = YES;
				CLANG_WARN_OBJC_LITERAL_CONVERSION = YES;
				CLANG_WARN_OBJC_ROOT_CLASS = YES_ERROR;
				CLANG_WARN_QUOTED_INCLUDE_IN_FRAMEWORK_HEADER = YES;
				CLANG_WARN_RANGE_LOOP_ANALYSIS = YES;
				CLANG_WARN_STRICT_PROTOTYPES = YES;
				CLANG_WARN_SUSPICIOUS_MOVE = YES;
				CLANG_WARN_UNGUARDED_AVAILABILITY = YES_AGGRESSIVE;
				CLANG_WARN_UNREACHABLE_CODE = YES;
				CLANG_WARN__DUPLICATE_METHOD_MATCH = YES;
				COPY_PHASE_STRIP = NO;
				DEBUG_INFORMATION_FORMAT = "dwarf-with-dsym";
				ENABLE_NS_ASSERTIONS = NO;
				ENABLE_STRICT_OBJC_MSGSEND = YES;
				ENABLE_USER_SCRIPT_SANDBOXING = YES;
				GCC_C_LANGUAGE_STANDARD = gnu11;
				GCC_NO_COMMON_BLOCKS = YES;
				GCC_WARN_64_TO_32_BIT_CONVERSION = YES;
				GCC_WARN_ABOUT_RETURN_TYPE = YES_ERROR;
				GCC_WARN_UNDECLARED_SELECTOR = YES;
				GCC_WARN_UNINITIALIZED_AUTOS = YES_AGGRESSIVE;
				GCC_WARN_UNUSED_FUNCTION = YES;
				GCC_WARN_UNUSED_VARIABLE = YES;
				IPHONEOS_DEPLOYMENT_TARGET = 15.2;
				MTL_ENABLE_DEBUG_INFO = NO;
				MTL_FAST_MATH = YES;
				SDKROOT = iphoneos;
				SWIFT_COMPILATION_MODE = wholemodule;
				SWIFT_OPTIMIZATION_LEVEL = "-O";
				VALIDATE_PRODUCT = YES;
			};
			name = Release;
		};
		7380B199279DFD2600D91004 /* Debug */ = {
			isa = XCBuildConfiguration;
			buildSettings = {
				ASSETCATALOG_COMPILER_APPICON_NAME = AppIcon;
				ASSETCATALOG_COMPILER_GLOBAL_ACCENT_COLOR_NAME = AccentColor;
				CODE_SIGN_STYLE = Automatic;
				CURRENT_PROJECT_VERSION = 1;
				DEVELOPMENT_ASSET_PATHS = "\"sensors/Preview Content\"";
				DEVELOPMENT_TEAM = 6AP8DGBG6H;
				ENABLE_PREVIEWS = YES;
				GENERATE_INFOPLIST_FILE = YES;
				INFOPLIST_KEY_UIApplicationSceneManifest_Generation = YES;
				INFOPLIST_KEY_UIApplicationSupportsIndirectInputEvents = YES;
				INFOPLIST_KEY_UILaunchScreen_Generation = YES;
				INFOPLIST_KEY_UISupportedInterfaceOrientations_iPad = "UIInterfaceOrientationPortrait UIInterfaceOrientationPortraitUpsideDown UIInterfaceOrientationLandscapeLeft UIInterfaceOrientationLandscapeRight";
				INFOPLIST_KEY_UISupportedInterfaceOrientations_iPhone = "UIInterfaceOrientationPortrait UIInterfaceOrientationLandscapeLeft UIInterfaceOrientationLandscapeRight";
				IPHONEOS_DEPLOYMENT_TARGET = 15.1;
				LD_RUNPATH_SEARCH_PATHS = (
					"$(inherited)",
					"@executable_path/Frameworks",
				);
				MARKETING_VERSION = 1.0;
				PRODUCT_BUNDLE_IDENTIFIER = com.objectthink.sensors;
				PRODUCT_NAME = "$(TARGET_NAME)";
				SWIFT_EMIT_LOC_STRINGS = YES;
				SWIFT_VERSION = 5.0;
				TARGETED_DEVICE_FAMILY = "1,2";
			};
			name = Debug;
		};
		7380B19A279DFD2600D91004 /* Release */ = {
			isa = XCBuildConfiguration;
			buildSettings = {
				ASSETCATALOG_COMPILER_APPICON_NAME = AppIcon;
				ASSETCATALOG_COMPILER_GLOBAL_ACCENT_COLOR_NAME = AccentColor;
				CODE_SIGN_STYLE = Automatic;
				CURRENT_PROJECT_VERSION = 1;
				DEVELOPMENT_ASSET_PATHS = "\"sensors/Preview Content\"";
				DEVELOPMENT_TEAM = 6AP8DGBG6H;
				ENABLE_PREVIEWS = YES;
				GENERATE_INFOPLIST_FILE = YES;
				INFOPLIST_KEY_UIApplicationSceneManifest_Generation = YES;
				INFOPLIST_KEY_UIApplicationSupportsIndirectInputEvents = YES;
				INFOPLIST_KEY_UILaunchScreen_Generation = YES;
				INFOPLIST_KEY_UISupportedInterfaceOrientations_iPad = "UIInterfaceOrientationPortrait UIInterfaceOrientationPortraitUpsideDown UIInterfaceOrientationLandscapeLeft UIInterfaceOrientationLandscapeRight";
				INFOPLIST_KEY_UISupportedInterfaceOrientations_iPhone = "UIInterfaceOrientationPortrait UIInterfaceOrientationLandscapeLeft UIInterfaceOrientationLandscapeRight";
				IPHONEOS_DEPLOYMENT_TARGET = 15.1;
				LD_RUNPATH_SEARCH_PATHS = (
					"$(inherited)",
					"@executable_path/Frameworks",
				);
				MARKETING_VERSION = 1.0;
				PRODUCT_BUNDLE_IDENTIFIER = com.objectthink.sensors;
				PRODUCT_NAME = "$(TARGET_NAME)";
				SWIFT_EMIT_LOC_STRINGS = YES;
				SWIFT_VERSION = 5.0;
				TARGETED_DEVICE_FAMILY = "1,2";
			};
			name = Release;
		};
/* End XCBuildConfiguration section */

/* Begin XCConfigurationList section */
		7380B185279DFD2500D91004 /* Build configuration list for PBXProject "sensors" */ = {
			isa = XCConfigurationList;
			buildConfigurations = (
				7380B196279DFD2600D91004 /* Debug */,
				7380B197279DFD2600D91004 /* Release */,
			);
			defaultConfigurationIsVisible = 0;
			defaultConfigurationName = Release;
		};
		7380B198279DFD2600D91004 /* Build configuration list for PBXNativeTarget "sensors" */ = {
			isa = XCConfigurationList;
			buildConfigurations = (
				7380B199279DFD2600D91004 /* Debug */,
				7380B19A279DFD2600D91004 /* Release */,
			);
			defaultConfigurationIsVisible = 0;
			defaultConfigurationName = Release;
		};
/* End XCConfigurationList section */

/* Begin XCRemoteSwiftPackageReference section */
		7380B19E279E1FB900D91004 /* XCRemoteSwiftPackageReference "SwiftyJSON" */ = {
			isa = XCRemoteSwiftPackageReference;
			repositoryURL = "https://github.com/SwiftyJSON/SwiftyJSON";
			requirement = {
				kind = upToNextMajorVersion;
				minimumVersion = 5.0.0;
			};
		};
		73DB61EE2ACEFC0E00D1D8AF /* XCRemoteSwiftPackageReference "SwiftyNats" */ = {
			isa = XCRemoteSwiftPackageReference;
			repositoryURL = "https://github.com/aus-der-Technik/SwiftyNats";
			requirement = {
				kind = upToNextMajorVersion;
				minimumVersion = 2.2.0;
			};
		};
		73F06A9B27A783F500639124 /* XCRemoteSwiftPackageReference "AlertKit" */ = {
			isa = XCRemoteSwiftPackageReference;
			repositoryURL = "https://github.com/rebeloper/AlertKit.git";
			requirement = {
				kind = upToNextMajorVersion;
				minimumVersion = 0.2.0;
			};
		};
/* End XCRemoteSwiftPackageReference section */

/* Begin XCSwiftPackageProductDependency section */
		7380B19F279E1FB900D91004 /* SwiftyJSON */ = {
			isa = XCSwiftPackageProductDependency;
			package = 7380B19E279E1FB900D91004 /* XCRemoteSwiftPackageReference "SwiftyJSON" */;
			productName = SwiftyJSON;
		};
		73DB61EF2ACEFC0E00D1D8AF /* SwiftyNats */ = {
			isa = XCSwiftPackageProductDependency;
			package = 73DB61EE2ACEFC0E00D1D8AF /* XCRemoteSwiftPackageReference "SwiftyNats" */;
			productName = SwiftyNats;
		};
		73F06A9C27A783F500639124 /* AlertKit */ = {
			isa = XCSwiftPackageProductDependency;
			package = 73F06A9B27A783F500639124 /* XCRemoteSwiftPackageReference "AlertKit" */;
			productName = AlertKit;
		};
/* End XCSwiftPackageProductDependency section */
	};
	rootObject = 7380B182279DFD2500D91004 /* Project object */;
}
